
Microsoft Visual Studio Solution File, Format Version 12.00
# Visual Studio Version 17
VisualStudioVersion = 17.8.34330.188
MinimumVisualStudioVersion = 10.0.40219.1
Project("{FAE04EC0-301F-11D3-BF4B-00C04F79EFBC}") = "SeriLogSamples", "SeriLogSamples\SeriLogSamples.csproj", "{82F40150-3A46-41F9-9278-410FD532366F}"
EndProject
Global
	GlobalSection(SolutionConfigurationPlatforms) = preSolution
		Debug|Any CPU = Debug|Any CPU
		Release|Any CPU = Release|Any CPU
	EndGlobalSection
	GlobalSection(ProjectConfigurationPlatforms) = postSolution
		{82F40150-3A46-41F9-9278-410FD532366F}.Debug|Any CPU.ActiveCfg = Debug|Any CPU
		{82F40150-3A46-41F9-9278-410FD532366F}.Debug|Any CPU.Build.0 = Debug|Any CPU
		{82F40150-3A46-41F9-9278-410FD532366F}.Release|Any CPU.ActiveCfg = Release|Any CPU
		{82F40150-3A46-41F9-9278-410FD532366F}.Release|Any CPU.Build.0 = Release|Any CPU
	EndGlobalSection
	GlobalSection(SolutionProperties) = preSolution
		HideSolutionNode = FALSE
	EndGlobalSection
	GlobalSection(ExtensibilityGlobals) = postSolution
		SolutionGuid = {1E259A04-3757-49E1-9565-F0E3DD9076D1}
	EndGlobalSection
EndGlobal
